
Microsoft Visual Studio Solution File, Format Version 12.00
# Visual Studio Version 17
VisualStudioVersion = 17.0.32112.339
MinimumVisualStudioVersion = 10.0.40219.1
Project("{9A19103F-16F7-4668-BE54-9A1E7A4F7556}") = "Tickets", "Tickets\Tickets.csproj", "{458C6706-41E1-40FB-9C42-E3B4BCD32EDB}"
EndProject
Project("{9A19103F-16F7-4668-BE54-9A1E7A4F7556}") = "Tickets.Api", "Tickets.Api\Tickets.Api.csproj", "{B2A48A64-734A-4E80-8AA3-B3F4A7D7D22E}"
EndProject
Project("{2150E333-8FDC-42A3-9474-1A3956D46DE8}") = "Core", "Core", "{3054B4F4-0D57-4A3E-9A6A-248D792BF538}"
EndProject
Project("{9A19103F-16F7-4668-BE54-9A1E7A4F7556}") = "Core", "Core\Core\Core.csproj", "{D7F6603A-2D4C-4FF7-9EFF-6A3D63B33519}"
EndProject
Project("{9A19103F-16F7-4668-BE54-9A1E7A4F7556}") = "Core.Serialization", "Core\Core.Serialization\Core.Serialization.csproj", "{9E7EB7D8-3F9A-46BA-A846-DDC8BEA88C9E}"
EndProject
Project("{9A19103F-16F7-4668-BE54-9A1E7A4F7556}") = "Core.Marten", "Core\Core.Marten\Core.Marten.csproj", "{71740AEE-D576-4668-9F21-0B2F78250CF9}"
EndProject
Project("{9A19103F-16F7-4668-BE54-9A1E7A4F7556}") = "Core.WebApi", "Core\Core.WebApi\Core.WebApi.csproj", "{8318E2D3-9944-4A0C-BE00-0BD15DE29654}"
EndProject
Project("{2150E333-8FDC-42A3-9474-1A3956D46DE8}") = "Tickets", "Tickets", "{D3B61066-D540-43F9-A90A-83C32E10FAE6}"
EndProject
Project("{FAE04EC0-301F-11D3-BF4B-00C04F79EFBC}") = "Tickets.Api.Tests", "Tickets.Api.Tests\Tickets.Api.Tests.csproj", "{1E3C36FF-F3B4-4089-AACD-15A37E12462D}"
EndProject
Global
	GlobalSection(SolutionConfigurationPlatforms) = preSolution
		Debug|Any CPU = Debug|Any CPU
		Release|Any CPU = Release|Any CPU
	EndGlobalSection
	GlobalSection(ProjectConfigurationPlatforms) = postSolution
		{458C6706-41E1-40FB-9C42-E3B4BCD32EDB}.Debug|Any CPU.ActiveCfg = Debug|Any CPU
		{458C6706-41E1-40FB-9C42-E3B4BCD32EDB}.Debug|Any CPU.Build.0 = Debug|Any CPU
		{458C6706-41E1-40FB-9C42-E3B4BCD32EDB}.Release|Any CPU.ActiveCfg = Release|Any CPU
		{458C6706-41E1-40FB-9C42-E3B4BCD32EDB}.Release|Any CPU.Build.0 = Release|Any CPU
		{B2A48A64-734A-4E80-8AA3-B3F4A7D7D22E}.Debug|Any CPU.ActiveCfg = Debug|Any CPU
		{B2A48A64-734A-4E80-8AA3-B3F4A7D7D22E}.Debug|Any CPU.Build.0 = Debug|Any CPU
		{B2A48A64-734A-4E80-8AA3-B3F4A7D7D22E}.Release|Any CPU.ActiveCfg = Release|Any CPU
		{B2A48A64-734A-4E80-8AA3-B3F4A7D7D22E}.Release|Any CPU.Build.0 = Release|Any CPU
		{D7F6603A-2D4C-4FF7-9EFF-6A3D63B33519}.Debug|Any CPU.ActiveCfg = Debug|Any CPU
		{D7F6603A-2D4C-4FF7-9EFF-6A3D63B33519}.Debug|Any CPU.Build.0 = Debug|Any CPU
		{D7F6603A-2D4C-4FF7-9EFF-6A3D63B33519}.Release|Any CPU.ActiveCfg = Release|Any CPU
		{D7F6603A-2D4C-4FF7-9EFF-6A3D63B33519}.Release|Any CPU.Build.0 = Release|Any CPU
		{9E7EB7D8-3F9A-46BA-A846-DDC8BEA88C9E}.Debug|Any CPU.ActiveCfg = Debug|Any CPU
		{9E7EB7D8-3F9A-46BA-A846-DDC8BEA88C9E}.Debug|Any CPU.Build.0 = Debug|Any CPU
		{9E7EB7D8-3F9A-46BA-A846-DDC8BEA88C9E}.Release|Any CPU.ActiveCfg = Release|Any CPU
		{9E7EB7D8-3F9A-46BA-A846-DDC8BEA88C9E}.Release|Any CPU.Build.0 = Release|Any CPU
		{71740AEE-D576-4668-9F21-0B2F78250CF9}.Debug|Any CPU.ActiveCfg = Debug|Any CPU
		{71740AEE-D576-4668-9F21-0B2F78250CF9}.Debug|Any CPU.Build.0 = Debug|Any CPU
		{71740AEE-D576-4668-9F21-0B2F78250CF9}.Release|Any CPU.ActiveCfg = Release|Any CPU
		{71740AEE-D576-4668-9F21-0B2F78250CF9}.Release|Any CPU.Build.0 = Release|Any CPU
		{8318E2D3-9944-4A0C-BE00-0BD15DE29654}.Debug|Any CPU.ActiveCfg = Debug|Any CPU
		{8318E2D3-9944-4A0C-BE00-0BD15DE29654}.Debug|Any CPU.Build.0 = Debug|Any CPU
		{8318E2D3-9944-4A0C-BE00-0BD15DE29654}.Release|Any CPU.ActiveCfg = Release|Any CPU
		{8318E2D3-9944-4A0C-BE00-0BD15DE29654}.Release|Any CPU.Build.0 = Release|Any CPU
		{1E3C36FF-F3B4-4089-AACD-15A37E12462D}.Debug|Any CPU.ActiveCfg = Debug|Any CPU
		{1E3C36FF-F3B4-4089-AACD-15A37E12462D}.Debug|Any CPU.Build.0 = Debug|Any CPU
		{1E3C36FF-F3B4-4089-AACD-15A37E12462D}.Release|Any CPU.ActiveCfg = Release|Any CPU
		{1E3C36FF-F3B4-4089-AACD-15A37E12462D}.Release|Any CPU.Build.0 = Release|Any CPU
	EndGlobalSection
	GlobalSection(SolutionProperties) = preSolution
		HideSolutionNode = FALSE
	EndGlobalSection
	GlobalSection(NestedProjects) = preSolution
		{458C6706-41E1-40FB-9C42-E3B4BCD32EDB} = {D3B61066-D540-43F9-A90A-83C32E10FAE6}
		{B2A48A64-734A-4E80-8AA3-B3F4A7D7D22E} = {D3B61066-D540-43F9-A90A-83C32E10FAE6}
		{D7F6603A-2D4C-4FF7-9EFF-6A3D63B33519} = {3054B4F4-0D57-4A3E-9A6A-248D792BF538}
		{9E7EB7D8-3F9A-46BA-A846-DDC8BEA88C9E} = {3054B4F4-0D57-4A3E-9A6A-248D792BF538}
		{71740AEE-D576-4668-9F21-0B2F78250CF9} = {3054B4F4-0D57-4A3E-9A6A-248D792BF538}
		{8318E2D3-9944-4A0C-BE00-0BD15DE29654} = {3054B4F4-0D57-4A3E-9A6A-248D792BF538}
		{1E3C36FF-F3B4-4089-AACD-15A37E12462D} = {D3B61066-D540-43F9-A90A-83C32E10FAE6}
	EndGlobalSection
	GlobalSection(ExtensibilityGlobals) = postSolution
		SolutionGuid = {6494C30D-F686-40E6-8C03-5248F5261E96}
	EndGlobalSection
EndGlobal
